<?xml version="1.0" encoding="utf-8"?>
<Project ToolsVersion="4.0" xmlns="http://schemas.microsoft.com/developer/msbuild/2003">
  <ItemGroup>
    <ClInclude Include="$(MSBuildThisFileDirectory)EnumFlags.h" />
    <ClInclude Include="$(MSBuildThisFileDirectory)JsonHelper.h" />
    <ClInclude Include="$(MSBuildThisFileDirectory)StringHash.h" />
    <ClInclude Include="$(MSBuildThisFileDirectory)CornerAction.h">
      <Filter>Settings</Filter>
    </ClInclude>
    <ClInclude Include="$(MSBuildThisFileDirectory)MonitorSettings.h">
      <Filter>Settings</Filter>
    </ClInclude>
    <ClInclude Include="$(MSBuildThisFileDirectory)SettingsManager.h">
      <Filter>Settings</Filter>
    </ClInclude>
    <ClInclude Include="$(MSBuildThisFileDirectory)Logging.h">
      <Filter>Logging</Filter>
    </ClInclude>
    <ClInclude Include="$(MSBuildThisFileDirectory)lazy_file_sink.h">
      <Filter>Logging</Filter>
    </ClInclude>
    <ClInclude Include="$(MSBuildThisFileDirectory)Unicode.h" />
  </ItemGroup>
  <ItemGroup>
    <Filter Include="Settings">
      <UniqueIdentifier>{de13f59c-08f4-4e6c-8c79-6066a2874cd6}</UniqueIdentifier>
    </Filter>
    <Filter Include="Logging">
      <UniqueIdentifier>{b112627e-4b9e-4713-8c55-cf2c31148c6c}</UniqueIdentifier>
    </Filter>
  </ItemGroup>
  <ItemGroup>
    <ClCompile Include="$(MSBuildThisFileDirectory)SettingsManager.cpp">
      <Filter>Settings</Filter>
    </ClCompile>
    <ClCompile Include="$(MSBuildThisFileDirectory)Logging.cpp">
      <Filter>Logging</Filter>
    </ClCompile>
    <ClCompile Include="$(MSBuildThisFileDirectory)lazy_file_sink.cpp">
      <Filter>Logging</Filter>
    </ClCompile>
  </ItemGroup>
</Project>