
Microsoft Visual Studio Solution File, Format Version 12.00
# Visual Studio Version 17
VisualStudioVersion = 17.7.34031.279
MinimumVisualStudioVersion = 10.0.40219.1
Project("{8BC9CEB8-8B4A-11D0-8D11-00A0C91BC942}") = "HotCorner.Uwp", "src\HotCorner.Uwp\HotCorner.Uwp.vcxproj", "{F94DAB0C-B5EF-46DC-8872-4ABBA5F2A857}"
	ProjectSection(ProjectDependencies) = postProject
		{F04C1766-757F-403A-997E-094656D940BB} = {F04C1766-757F-403A-997E-094656D940BB}
	EndProjectSection
EndProject
Project("{C7167F0D-BC9F-4E6E-AFE1-012C56B48DB5}") = "HotCorner.Package", "src\HotCorner.Package\HotCorner.Package.wapproj", "{4F79552C-8B54-4BD9-B7C8-BE15D691D98B}"
EndProject
Project("{8BC9CEB8-8B4A-11D0-8D11-00A0C91BC942}") = "HotCorner.Server", "src\HotCorner.Server\HotCorner.Server.vcxproj", "{F04C1766-757F-403A-997E-094656D940BB}"
EndProject
Project("{8BC9CEB8-8B4A-11D0-8D11-00A0C91BC942}") = "HotCorner.Shared", "src\HotCorner.Shared\HotCorner.Shared.vcxitems", "{0427E93F-D8EE-4964-A0D3-7DFA0573A57C}"
EndProject
Project("{2150E333-8FDC-42A3-9474-1A3956D46DE8}") = "Solution Items", "Solution Items", "{86B5FCC8-0EC2-4EDC-A4B0-D8E8FC645536}"
	ProjectSection(SolutionItems) = preProject
		src\.editorconfig = src\.editorconfig
		src\Settings.XamlStyler = src\Settings.XamlStyler
		src\VcxCommon.props = src\VcxCommon.props
	EndProjectSection
EndProject
Global
	GlobalSection(SolutionConfigurationPlatforms) = preSolution
		Debug|ARM64 = Debug|ARM64
		Debug|x64 = Debug|x64
		Debug|x86 = Debug|x86
		Release|ARM64 = Release|ARM64
		Release|x64 = Release|x64
		Release|x86 = Release|x86
	EndGlobalSection
	GlobalSection(ProjectConfigurationPlatforms) = postSolution
		{F94DAB0C-B5EF-46DC-8872-4ABBA5F2A857}.Debug|ARM64.ActiveCfg = Debug|ARM64
		{F94DAB0C-B5EF-46DC-8872-4ABBA5F2A857}.Debug|ARM64.Build.0 = Debug|ARM64
		{F94DAB0C-B5EF-46DC-8872-4ABBA5F2A857}.Debug|x64.ActiveCfg = Debug|x64
		{F94DAB0C-B5EF-46DC-8872-4ABBA5F2A857}.Debug|x64.Build.0 = Debug|x64
		{F94DAB0C-B5EF-46DC-8872-4ABBA5F2A857}.Debug|x86.ActiveCfg = Debug|Win32
		{F94DAB0C-B5EF-46DC-8872-4ABBA5F2A857}.Debug|x86.Build.0 = Debug|Win32
		{F94DAB0C-B5EF-46DC-8872-4ABBA5F2A857}.Release|ARM64.ActiveCfg = Release|ARM64
		{F94DAB0C-B5EF-46DC-8872-4ABBA5F2A857}.Release|ARM64.Build.0 = Release|ARM64
		{F94DAB0C-B5EF-46DC-8872-4ABBA5F2A857}.Release|x64.ActiveCfg = Release|x64
		{F94DAB0C-B5EF-46DC-8872-4ABBA5F2A857}.Release|x64.Build.0 = Release|x64
		{F94DAB0C-B5EF-46DC-8872-4ABBA5F2A857}.Release|x86.ActiveCfg = Release|Win32
		{F94DAB0C-B5EF-46DC-8872-4ABBA5F2A857}.Release|x86.Build.0 = Release|Win32
		{4F79552C-8B54-4BD9-B7C8-BE15D691D98B}.Debug|ARM64.ActiveCfg = Debug|ARM64
		{4F79552C-8B54-4BD9-B7C8-BE15D691D98B}.Debug|ARM64.Build.0 = Debug|ARM64
		{4F79552C-8B54-4BD9-B7C8-BE15D691D98B}.Debug|ARM64.Deploy.0 = Debug|ARM64
		{4F79552C-8B54-4BD9-B7C8-BE15D691D98B}.Debug|x64.ActiveCfg = Debug|x64
		{4F79552C-8B54-4BD9-B7C8-BE15D691D98B}.Debug|x64.Build.0 = Debug|x64
		{4F79552C-8B54-4BD9-B7C8-BE15D691D98B}.Debug|x64.Deploy.0 = Debug|x64
		{4F79552C-8B54-4BD9-B7C8-BE15D691D98B}.Debug|x86.ActiveCfg = Debug|x86
		{4F79552C-8B54-4BD9-B7C8-BE15D691D98B}.Debug|x86.Build.0 = Debug|x86
		{4F79552C-8B54-4BD9-B7C8-BE15D691D98B}.Debug|x86.Deploy.0 = Debug|x86
		{4F79552C-8B54-4BD9-B7C8-BE15D691D98B}.Release|ARM64.ActiveCfg = Release|ARM64
		{4F79552C-8B54-4BD9-B7C8-BE15D691D98B}.Release|ARM64.Build.0 = Release|ARM64
		{4F79552C-8B54-4BD9-B7C8-BE15D691D98B}.Release|ARM64.Deploy.0 = Release|ARM64
		{4F79552C-8B54-4BD9-B7C8-BE15D691D98B}.Release|x64.ActiveCfg = Release|x64
		{4F79552C-8B54-4BD9-B7C8-BE15D691D98B}.Release|x64.Build.0 = Release|x64
		{4F79552C-8B54-4BD9-B7C8-BE15D691D98B}.Release|x64.Deploy.0 = Release|x64
		{4F79552C-8B54-4BD9-B7C8-BE15D691D98B}.Release|x86.ActiveCfg = Release|x86
		{4F79552C-8B54-4BD9-B7C8-BE15D691D98B}.Release|x86.Build.0 = Release|x86
		{4F79552C-8B54-4BD9-B7C8-BE15D691D98B}.Release|x86.Deploy.0 = Release|x86
		{F04C1766-757F-403A-997E-094656D940BB}.Debug|ARM64.ActiveCfg = Debug|ARM64
		{F04C1766-757F-403A-997E-094656D940BB}.Debug|ARM64.Build.0 = Debug|ARM64
		{F04C1766-757F-403A-997E-094656D940BB}.Debug|x64.ActiveCfg = Debug|x64
		{F04C1766-757F-403A-997E-094656D940BB}.Debug|x64.Build.0 = Debug|x64
		{F04C1766-757F-403A-997E-094656D940BB}.Debug|x86.ActiveCfg = Debug|Win32
		{F04C1766-757F-403A-997E-094656D940BB}.Debug|x86.Build.0 = Debug|Win32
		{F04C1766-757F-403A-997E-094656D940BB}.Release|ARM64.ActiveCfg = Release|ARM64
		{F04C1766-757F-403A-997E-094656D940BB}.Release|ARM64.Build.0 = Release|ARM64
		{F04C1766-757F-403A-997E-094656D940BB}.Release|x64.ActiveCfg = Release|x64
		{F04C1766-757F-403A-997E-094656D940BB}.Release|x64.Build.0 = Release|x64
		{F04C1766-757F-403A-997E-094656D940BB}.Release|x86.ActiveCfg = Release|Win32
		{F04C1766-757F-403A-997E-094656D940BB}.Release|x86.Build.0 = Release|Win32
	EndGlobalSection
	GlobalSection(SolutionProperties) = preSolution
		HideSolutionNode = FALSE
	EndGlobalSection
	GlobalSection(ExtensibilityGlobals) = postSolution
		SolutionGuid = {303FD3D7-B68F-4579-BB77-71EEF5FC82A8}
	EndGlobalSection
EndGlobal
