<?xml version="1.0" encoding="utf-8"?>
<Project ToolsVersion="4.0" xmlns="http://schemas.microsoft.com/developer/msbuild/2003">
  <ItemGroup>
    <ClCompile Include="pch.cpp" />
    <ClCompile Include="main.cpp">
      <Filter>Server</Filter>
    </ClCompile>
    <ClCompile Include="server.ixx">
      <Filter>Server</Filter>
    </ClCompile>
  </ItemGroup>
  <ItemGroup>
    <ClInclude Include="pch.h" />
  </ItemGroup>
  <ItemGroup>
    <None Include="PropertySheet.props" />
  </ItemGroup>
  <ItemGroup>
    <Filter Include="Server">
      <UniqueIdentifier>{79499d47-aa9a-4c64-837d-f984be185b66}</UniqueIdentifier>
    </Filter>
  </ItemGroup>
</Project>