<?xml version="1.0" encoding="utf-8"?>
<Project ToolsVersion="4.0" xmlns="http://schemas.microsoft.com/developer/msbuild/2003">
  <ItemGroup>
    <ClCompile Include="main.cpp">
      <Filter>Server</Filter>
    </ClCompile>
    <ClCompile Include="server.ixx">
      <Filter>Server</Filter>
    </ClCompile>
    <ClCompile Include="Tray\TrayIcon.cpp">
      <Filter>Tray</Filter>
    </ClCompile>
    <ClCompile Include="LifetimeManager.cpp">
      <Filter>Server</Filter>
    </ClCompile>
    <ClCompile Include="Tracking\CornerTracker.cpp">
      <Filter>Tracking</Filter>
    </ClCompile>
    <ClCompile Include="Tracking\TrayCornerTracker.cpp">
      <Filter>Tracking</Filter>
    </ClCompile>
    <ClCompile Include="Undocumented\UxTheme.cpp">
      <Filter>Undocumented</Filter>
    </ClCompile>
    <ClCompile Include="pch.cpp">
      <Filter>Project Files</Filter>
    </ClCompile>
  </ItemGroup>
  <ItemGroup>
    <ClInclude Include="Tray\TrayIcon.h">
      <Filter>Tray</Filter>
    </ClInclude>
    <ClInclude Include="Tray\WindowClass.h">
      <Filter>Tray</Filter>
    </ClInclude>
    <ClInclude Include="Tray\WindowBase.h">
      <Filter>Tray</Filter>
    </ClInclude>
    <ClInclude Include="LifetimeManager.h">
      <Filter>Server</Filter>
    </ClInclude>
    <ClInclude Include="main.h">
      <Filter>Server</Filter>
    </ClInclude>
    <ClInclude Include="Resources\ids.h">
      <Filter>Resources</Filter>
    </ClInclude>
    <ClInclude Include="Tracking\CornerTracker.h">
      <Filter>Tracking</Filter>
    </ClInclude>
    <ClInclude Include="Tracking\TrayCornerTracker.h">
      <Filter>Tracking</Filter>
    </ClInclude>
    <ClInclude Include="Undocumented\UxTheme.h">
      <Filter>Undocumented</Filter>
    </ClInclude>
    <ClInclude Include="Resources.h">
      <Filter>Resources</Filter>
    </ClInclude>
    <ClInclude Include="pch.h" />
  </ItemGroup>
  <ItemGroup>
    <None Include="vcpkg.json">
      <Filter>Project Files</Filter>
    </None>
    <None Include="PropertySheet.props">
      <Filter>Project Files</Filter>
    </None>
    <None Include="packages.config">
      <Filter>Project Files</Filter>
    </None>
  </ItemGroup>
  <ItemGroup>
    <Filter Include="Server">
      <UniqueIdentifier>{79499d47-aa9a-4c64-837d-f984be185b66}</UniqueIdentifier>
    </Filter>
    <Filter Include="Tray">
      <UniqueIdentifier>{df42bb69-009b-4e3e-9942-496831c3fbfc}</UniqueIdentifier>
    </Filter>
    <Filter Include="Resources">
      <UniqueIdentifier>{d42e33d6-4aa6-43e8-8f6f-132cf0906223}</UniqueIdentifier>
    </Filter>
    <Filter Include="Tracking">
      <UniqueIdentifier>{554e067a-d84f-482c-bfc5-682e0c460769}</UniqueIdentifier>
    </Filter>
    <Filter Include="Undocumented">
      <UniqueIdentifier>{78b32a51-b56a-4eb0-9ee6-bcfced271f2f}</UniqueIdentifier>
    </Filter>
    <Filter Include="Project Files">
      <UniqueIdentifier>{7f28ff92-db39-4965-8240-9c18049db232}</UniqueIdentifier>
    </Filter>
  </ItemGroup>
  <ItemGroup>
    <Midl Include="Server.idl">
      <Filter>Server</Filter>
    </Midl>
  </ItemGroup>
  <ItemGroup>
    <ResourceCompile Include="Resources\HotCorner.rc2">
      <Filter>Resources</Filter>
    </ResourceCompile>
    <ResourceCompile Include="Resources\language\HotCorner.en-US.rc2">
      <Filter>Resources</Filter>
    </ResourceCompile>
  </ItemGroup>
  <ItemGroup>
    <Image Include="Resources\HotCorner.Tray-dark.ico">
      <Filter>Resources</Filter>
    </Image>
    <Image Include="Resources\HotCorner.Tray-light.ico">
      <Filter>Resources</Filter>
    </Image>
  </ItemGroup>
  <ItemGroup>
    <Manifest Include="HotCorner.Server.manifest" />
  </ItemGroup>
</Project>