<?xml version="1.0" encoding="utf-8"?>
<Project ToolsVersion="4.0" xmlns="http://schemas.microsoft.com/developer/msbuild/2003">
  <ItemGroup>
    <ApplicationDefinition Include="App.xaml" />
  </ItemGroup>
  <ItemGroup>
    <ClCompile Include="Server\Lifetime.cpp">
      <Filter>Server</Filter>
    </ClCompile>
    <ClCompile Include="Devices\MonitorInfo.cpp">
      <Filter>Devices</Filter>
    </ClCompile>
    <ClCompile Include="pch.cpp">
      <Filter>Project Files</Filter>
    </ClCompile>
    <ClCompile Include="$(GeneratedFilesDir)module.g.cpp">
      <Filter>Project Files</Filter>
    </ClCompile>
    <ClCompile Include="AppSettings.cpp" />
    <ClCompile Include="Localization.cpp" />
    <ClCompile Include="Controls\EvenStackPanel.cpp">
      <Filter>Controls</Filter>
    </ClCompile>
    <ClCompile Include="Controls\WrapPanel.cpp">
      <Filter>Controls</Filter>
    </ClCompile>
  </ItemGroup>
  <ItemGroup>
    <ClInclude Include="pch.h" />
    <ClInclude Include="Server\Lifetime.h">
      <Filter>Server</Filter>
    </ClInclude>
    <ClInclude Include="Devices\MonitorInfo.h">
      <Filter>Devices</Filter>
    </ClInclude>
    <ClInclude Include="Utils\Midl.h">
      <Filter>Utils</Filter>
    </ClInclude>
    <ClInclude Include="Utils\Property.h">
      <Filter>Utils</Filter>
    </ClInclude>
    <ClInclude Include="Devices\Watcher.h">
      <Filter>Devices</Filter>
    </ClInclude>
    <ClInclude Include="AppSettings.h" />
    <ClInclude Include="Utils\Xaml.h">
      <Filter>Utils</Filter>
    </ClInclude>
    <ClInclude Include="Localization.h" />
    <ClInclude Include="Controls\EvenStackPanel.h">
      <Filter>Controls</Filter>
    </ClInclude>
    <ClInclude Include="Controls\WrapPanel.h">
      <Filter>Controls</Filter>
    </ClInclude>
  </ItemGroup>
  <ItemGroup>
    <AppxManifest Include="Package.appxmanifest" />
  </ItemGroup>
  <ItemGroup>
    <Filter Include="Views">
      <UniqueIdentifier>{1b3d3152-68ee-45ff-aedd-fcf101422473}</UniqueIdentifier>
    </Filter>
    <Filter Include="Server">
      <UniqueIdentifier>{0179526b-5991-4242-b76f-4ebd145321e2}</UniqueIdentifier>
    </Filter>
    <Filter Include="Devices">
      <UniqueIdentifier>{c3a1e41e-ca77-4d7f-abba-6a73cc48ff7c}</UniqueIdentifier>
    </Filter>
    <Filter Include="Project Files">
      <UniqueIdentifier>{f8b63b30-35e9-46be-8771-a17f300a10ef}</UniqueIdentifier>
    </Filter>
    <Filter Include="Utils">
      <UniqueIdentifier>{c2abae89-e05d-4d25-b11d-0989e4fc03bd}</UniqueIdentifier>
    </Filter>
    <Filter Include="Controls">
      <UniqueIdentifier>{58951cb2-760a-4b72-a7bf-0880fdf3656d}</UniqueIdentifier>
    </Filter>
    <Filter Include="Strings">
      <UniqueIdentifier>{2ae6d0b5-5360-4f7c-bd9d-fbba8660c627}</UniqueIdentifier>
    </Filter>
    <Filter Include="Strings\en-US">
      <UniqueIdentifier>{d2e74d50-109b-4fe8-b156-1d4f442b22ee}</UniqueIdentifier>
    </Filter>
    <Filter Include="Strings\es-US">
      <UniqueIdentifier>{9856a47f-98e8-4ec8-bd41-d43d532521d7}</UniqueIdentifier>
    </Filter>
    <Filter Include="Strings\pt-BR">
      <UniqueIdentifier>{bd128e90-7174-494e-b7de-f8a218b33131}</UniqueIdentifier>
    </Filter>
  </ItemGroup>
  <ItemGroup>
    <None Include="vcpkg.json">
      <Filter>Project Files</Filter>
    </None>
    <None Include="PropertySheet.props">
      <Filter>Project Files</Filter>
    </None>
    <None Include="packages.config">
      <Filter>Project Files</Filter>
    </None>
  </ItemGroup>
  <ItemGroup>
    <Page Include="Views\MainPage.xaml">
      <Filter>Views</Filter>
    </Page>
    <Page Include="Views\MonitorSettingsPage.xaml">
      <Filter>Views</Filter>
    </Page>
    <Page Include="Views\NoMonitorsFlyout.xaml">
      <Filter>Views</Filter>
    </Page>
  </ItemGroup>
  <ItemGroup>
    <Midl Include="Views\Views.idl">
      <Filter>Views</Filter>
    </Midl>
    <Midl Include="Devices\Devices.idl">
      <Filter>Devices</Filter>
    </Midl>
    <Midl Include="Controls\Controls.idl">
      <Filter>Controls</Filter>
    </Midl>
  </ItemGroup>
  <ItemGroup>
    <PRIResource Include="Strings\en-US\Resources.resw">
      <Filter>Strings\en-US</Filter>
    </PRIResource>
    <PRIResource Include="Strings\es-US\Resources.resw">
      <Filter>Strings\es-US</Filter>
    </PRIResource>
    <PRIResource Include="Strings\pt-BR\Resources.resw">
      <Filter>Strings\pt-BR</Filter>
    </PRIResource>
  </ItemGroup>
</Project>