<?xml version="1.0" encoding="utf-8"?>
<Project ToolsVersion="4.0" xmlns="http://schemas.microsoft.com/developer/msbuild/2003">
  <ItemGroup>
    <ApplicationDefinition Include="App.xaml" />
  </ItemGroup>
  <ItemGroup>
    <ClCompile Include="Server\Lifetime.cpp">
      <Filter>Server</Filter>
    </ClCompile>
    <ClCompile Include="Devices\MonitorInfo.cpp">
      <Filter>Devices</Filter>
    </ClCompile>
    <ClCompile Include="pch.cpp">
      <Filter>Project Files</Filter>
    </ClCompile>
    <ClCompile Include="$(GeneratedFilesDir)module.g.cpp">
      <Filter>Project Files</Filter>
    </ClCompile>
    <ClCompile Include="AppSettings.cpp" />
  </ItemGroup>
  <ItemGroup>
    <ClInclude Include="pch.h" />
    <ClInclude Include="Server\Lifetime.h">
      <Filter>Server</Filter>
    </ClInclude>
    <ClInclude Include="Devices\MonitorInfo.h">
      <Filter>Devices</Filter>
    </ClInclude>
    <ClInclude Include="Utils\Midl.h">
      <Filter>Utils</Filter>
    </ClInclude>
    <ClInclude Include="Utils\Property.h">
      <Filter>Utils</Filter>
    </ClInclude>
    <ClInclude Include="Devices\Watcher.h">
      <Filter>Devices</Filter>
    </ClInclude>
    <ClInclude Include="AppSettings.h" />
  </ItemGroup>
  <ItemGroup>
    <AppxManifest Include="Package.appxmanifest" />
  </ItemGroup>
  <ItemGroup>
    <Filter Include="Views">
      <UniqueIdentifier>{1b3d3152-68ee-45ff-aedd-fcf101422473}</UniqueIdentifier>
    </Filter>
    <Filter Include="Server">
      <UniqueIdentifier>{0179526b-5991-4242-b76f-4ebd145321e2}</UniqueIdentifier>
    </Filter>
    <Filter Include="Devices">
      <UniqueIdentifier>{c3a1e41e-ca77-4d7f-abba-6a73cc48ff7c}</UniqueIdentifier>
    </Filter>
    <Filter Include="Project Files">
      <UniqueIdentifier>{f8b63b30-35e9-46be-8771-a17f300a10ef}</UniqueIdentifier>
    </Filter>
    <Filter Include="Utils">
      <UniqueIdentifier>{c2abae89-e05d-4d25-b11d-0989e4fc03bd}</UniqueIdentifier>
    </Filter>
  </ItemGroup>
  <ItemGroup>
    <None Include="vcpkg.json">
      <Filter>Project Files</Filter>
    </None>
    <None Include="PropertySheet.props">
      <Filter>Project Files</Filter>
    </None>
    <None Include="packages.config">
      <Filter>Project Files</Filter>
    </None>
  </ItemGroup>
  <ItemGroup>
    <Page Include="Views\MainPage.xaml">
      <Filter>Views</Filter>
    </Page>
    <Page Include="Views\MonitorSettingsPage.xaml">
      <Filter>Views</Filter>
    </Page>
  </ItemGroup>
  <ItemGroup>
    <Midl Include="Views\Views.idl">
      <Filter>Views</Filter>
    </Midl>
    <Midl Include="Devices\Devices.idl">
      <Filter>Devices</Filter>
    </Midl>
  </ItemGroup>
</Project>